
Microsoft Visual Studio Solution File, Format Version 12.00
# Visual Studio Version 17
VisualStudioVersion = 17.13.35806.99 d17.13
MinimumVisualStudioVersion = 10.0.40219.1
Project("{FAE04EC0-301F-11D3-BF4B-00C04F79EFBC}") = "ModularApp", "ModularApp.csproj", "{11155629-615A-4E08-9649-74AEB7393D99}"
EndProject
Global
	GlobalSection(SolutionConfigurationPlatforms) = preSolution
		Debug|Any CPU = Debug|Any CPU
		Release|Any CPU = Release|Any CPU
	EndGlobalSection
	GlobalSection(ProjectConfigurationPlatforms) = postSolution
		{11155629-615A-4E08-9649-74AEB7393D99}.Debug|Any CPU.ActiveCfg = Debug|Any CPU
		{11155629-615A-4E08-9649-74AEB7393D99}.Debug|Any CPU.Build.0 = Debug|Any CPU
		{11155629-615A-4E08-9649-74AEB7393D99}.Release|Any CPU.ActiveCfg = Release|Any CPU
		{11155629-615A-4E08-9649-74AEB7393D99}.Release|Any CPU.Build.0 = Release|Any CPU
	EndGlobalSection
	GlobalSection(SolutionProperties) = preSolution
		HideSolutionNode = FALSE
	EndGlobalSection
	GlobalSection(ExtensibilityGlobals) = postSolution
		SolutionGuid = {BD0D8338-4368-4B2A-9A72-365EB84BDA61}
	EndGlobalSection
EndGlobal
